
Microsoft Visual Studio Solution File, Format Version 12.00
# Visual Studio Version 17
VisualStudioVersion = 17.5.33516.290
MinimumVisualStudioVersion = 10.0.40219.1
Project("{FAE04EC0-301F-11D3-BF4B-00C04F79EFBC}") = "db_restoran", "db_restoran\db_restoran.csproj", "{6F17DB75-3203-42E2-8AD0-43E72D0EC7FA}"
EndProject
Global
	GlobalSection(SolutionConfigurationPlatforms) = preSolution
		Debug|Any CPU = Debug|Any CPU
		Release|Any CPU = Release|Any CPU
	EndGlobalSection
	GlobalSection(ProjectConfigurationPlatforms) = postSolution
		{6F17DB75-3203-42E2-8AD0-43E72D0EC7FA}.Debug|Any CPU.ActiveCfg = Debug|Any CPU
		{6F17DB75-3203-42E2-8AD0-43E72D0EC7FA}.Debug|Any CPU.Build.0 = Debug|Any CPU
		{6F17DB75-3203-42E2-8AD0-43E72D0EC7FA}.Release|Any CPU.ActiveCfg = Release|Any CPU
		{6F17DB75-3203-42E2-8AD0-43E72D0EC7FA}.Release|Any CPU.Build.0 = Release|Any CPU
	EndGlobalSection
	GlobalSection(SolutionProperties) = preSolution
		HideSolutionNode = FALSE
	EndGlobalSection
	GlobalSection(ExtensibilityGlobals) = postSolution
		SolutionGuid = {DB31CEBF-69A0-441B-BC16-CFE3717B2F95}
	EndGlobalSection
EndGlobal
